
Microsoft Visual Studio Solution File, Format Version 12.00
# Visual Studio 15
VisualStudioVersion = 15.0.28010.2026
MinimumVisualStudioVersion = 10.0.40219.1
Project("{FAE04EC0-301F-11D3-BF4B-00C04F79EFBC}") = "PhanMemVeSo", "PhanMemVeSo\PhanMemVeSo.csproj", "{7F613AF6-E0BD-4848-A10E-6AD6A92678C1}"
EndProject
Project("{FAE04EC0-301F-11D3-BF4B-00C04F79EFBC}") = "Model", "Model\Model.csproj", "{76A6E0E8-5FD2-44DD-8F82-B3BA36B7CA34}"
EndProject
Global
	GlobalSection(SolutionConfigurationPlatforms) = preSolution
		Debug|Any CPU = Debug|Any CPU
		Release|Any CPU = Release|Any CPU
	EndGlobalSection
	GlobalSection(ProjectConfigurationPlatforms) = postSolution
		{7F613AF6-E0BD-4848-A10E-6AD6A92678C1}.Debug|Any CPU.ActiveCfg = Debug|Any CPU
		{7F613AF6-E0BD-4848-A10E-6AD6A92678C1}.Debug|Any CPU.Build.0 = Debug|Any CPU
		{7F613AF6-E0BD-4848-A10E-6AD6A92678C1}.Release|Any CPU.ActiveCfg = Release|Any CPU
		{7F613AF6-E0BD-4848-A10E-6AD6A92678C1}.Release|Any CPU.Build.0 = Release|Any CPU
		{76A6E0E8-5FD2-44DD-8F82-B3BA36B7CA34}.Debug|Any CPU.ActiveCfg = Debug|Any CPU
		{76A6E0E8-5FD2-44DD-8F82-B3BA36B7CA34}.Debug|Any CPU.Build.0 = Debug|Any CPU
		{76A6E0E8-5FD2-44DD-8F82-B3BA36B7CA34}.Release|Any CPU.ActiveCfg = Release|Any CPU
		{76A6E0E8-5FD2-44DD-8F82-B3BA36B7CA34}.Release|Any CPU.Build.0 = Release|Any CPU
	EndGlobalSection
	GlobalSection(SolutionProperties) = preSolution
		HideSolutionNode = FALSE
	EndGlobalSection
	GlobalSection(ExtensibilityGlobals) = postSolution
		SolutionGuid = {8AD3F58F-9DF1-4EAE-A72B-EB73D09664A5}
	EndGlobalSection
EndGlobal
